// !$*UTF8*$!
{
	archiveVersion = 1;
	classes = {
	};
	objectVersion = 50;
	objects = {

/* Begin PBXBuildFile section */
		3FC938C12525C6E2001468B4 /* main.swift in Sources */ = {isa = PBXBuildFile; fileRef = 3FC938C02525C6E2001468B4 /* main.swift */; };
		3FC938CD2525C86D001468B4 /* Game.swift in Sources */ = {isa = PBXBuildFile; fileRef = 3FC938CC2525C86D001468B4 /* Game.swift */; };
		3FC938D42525C881001468B4 /* MultiplayerGame.swift in Sources */ = {isa = PBXBuildFile; fileRef = 3FC938CF2525C881001468B4 /* MultiplayerGame.swift */; };
		3FC938D52525C881001468B4 /* RandomNumberGenerator.swift in Sources */ = {isa = PBXBuildFile; fileRef = 3FC938D02525C881001468B4 /* RandomNumberGenerator.swift */; };
		3FC938D62525C881001468B4 /* TurnbasedGame.swift in Sources */ = {isa = PBXBuildFile; fileRef = 3FC938D12525C881001468B4 /* TurnbasedGame.swift */; };
		3FC938D72525C881001468B4 /* TicTacToe.swift in Sources */ = {isa = PBXBuildFile; fileRef = 3FC938D22525C881001468B4 /* TicTacToe.swift */; };
		3FC938D82525C881001468B4 /* Player.swift in Sources */ = {isa = PBXBuildFile; fileRef = 3FC938D32525C881001468B4 /* Player.swift */; };
		3FC938DB2525CDAF001468B4 /* TicTacToePlayer.swift in Sources */ = {isa = PBXBuildFile; fileRef = 3FC938DA2525CDAF001468B4 /* TicTacToePlayer.swift */; };
/* End PBXBuildFile section */

/* Begin PBXCopyFilesBuildPhase section */
		3FC938BB2525C6E2001468B4 /* CopyFiles */ = {
			isa = PBXCopyFilesBuildPhase;
			buildActionMask = 2147483647;
			dstPath = /usr/share/man/man1/;
			dstSubfolderSpec = 0;
			files = (
			);
			runOnlyForDeploymentPostprocessing = 1;
		};
/* End PBXCopyFilesBuildPhase section */

/* Begin PBXFileReference section */
		3FC938BD2525C6E2001468B4 /* Tesy */ = {isa = PBXFileReference; explicitFileType = "compiled.mach-o.executable"; includeInIndex = 0; path = Tesy; sourceTree = BUILT_PRODUCTS_DIR; };
		3FC938C02525C6E2001468B4 /* main.swift */ = {isa = PBXFileReference; lastKnownFileType = sourcecode.swift; path = main.swift; sourceTree = "<group>"; };
		3FC938CC2525C86D001468B4 /* Game.swift */ = {isa = PBXFileReference; fileEncoding = 4; lastKnownFileType = sourcecode.swift; path = Game.swift; sourceTree = "<group>"; };
		3FC938CF2525C881001468B4 /* MultiplayerGame.swift */ = {isa = PBXFileReference; fileEncoding = 4; lastKnownFileType = sourcecode.swift; path = MultiplayerGame.swift; sourceTree = "<group>"; };
		3FC938D02525C881001468B4 /* RandomNumberGenerator.swift */ = {isa = PBXFileReference; fileEncoding = 4; lastKnownFileType = sourcecode.swift; path = RandomNumberGenerator.swift; sourceTree = "<group>"; };
		3FC938D12525C881001468B4 /* TurnbasedGame.swift */ = {isa = PBXFileReference; fileEncoding = 4; lastKnownFileType = sourcecode.swift; path = TurnbasedGame.swift; sourceTree = "<group>"; };
		3FC938D22525C881001468B4 /* TicTacToe.swift */ = {isa = PBXFileReference; fileEncoding = 4; lastKnownFileType = sourcecode.swift; path = TicTacToe.swift; sourceTree = "<group>"; };
		3FC938D32525C881001468B4 /* Player.swift */ = {isa = PBXFileReference; fileEncoding = 4; lastKnownFileType = sourcecode.swift; path = Player.swift; sourceTree = "<group>"; };
		3FC938DA2525CDAF001468B4 /* TicTacToePlayer.swift */ = {isa = PBXFileReference; lastKnownFileType = sourcecode.swift; path = TicTacToePlayer.swift; sourceTree = "<group>"; };
/* End PBXFileReference section */

/* Begin PBXFrameworksBuildPhase section */
		3FC938BA2525C6E2001468B4 /* Frameworks */ = {
			isa = PBXFrameworksBuildPhase;
			buildActionMask = 2147483647;
			files = (
			);
			runOnlyForDeploymentPostprocessing = 0;
		};
/* End PBXFrameworksBuildPhase section */

/* Begin PBXGroup section */
		3FC938B42525C6E1001468B4 = {
			isa = PBXGroup;
			children = (
				3FC938BF2525C6E2001468B4 /* Tesy */,
				3FC938BE2525C6E2001468B4 /* Products */,
			);
			sourceTree = "<group>";
		};
		3FC938BE2525C6E2001468B4 /* Products */ = {
			isa = PBXGroup;
			children = (
				3FC938BD2525C6E2001468B4 /* Tesy */,
			);
			name = Products;
			sourceTree = "<group>";
		};
		3FC938BF2525C6E2001468B4 /* Tesy */ = {
			isa = PBXGroup;
			children = (
				3FC938CF2525C881001468B4 /* MultiplayerGame.swift */,
				3FC938D32525C881001468B4 /* Player.swift */,
				3FC938D02525C881001468B4 /* RandomNumberGenerator.swift */,
				3FC938D22525C881001468B4 /* TicTacToe.swift */,
				3FC938D12525C881001468B4 /* TurnbasedGame.swift */,
				3FC938CC2525C86D001468B4 /* Game.swift */,
				3FC938C02525C6E2001468B4 /* main.swift */,
				3FC938DA2525CDAF001468B4 /* TicTacToePlayer.swift */,
			);
			path = Tesy;
			sourceTree = "<group>";
		};
/* End PBXGroup section */

/* Begin PBXNativeTarget section */
		3FC938BC2525C6E2001468B4 /* Tesy */ = {
			isa = PBXNativeTarget;
			buildConfigurationList = 3FC938C42525C6E2001468B4 /* Build configuration list for PBXNativeTarget "Tesy" */;
			buildPhases = (
				3FC938B92525C6E2001468B4 /* Sources */,
				3FC938BA2525C6E2001468B4 /* Frameworks */,
				3FC938BB2525C6E2001468B4 /* CopyFiles */,
			);
			buildRules = (
			);
			dependencies = (
			);
			name = Tesy;
			productName = Tesy;
			productReference = 3FC938BD2525C6E2001468B4 /* Tesy */;
			productType = "com.apple.product-type.tool";
		};
/* End PBXNativeTarget section */

/* Begin PBXProject section */
		3FC938B52525C6E1001468B4 /* Project object */ = {
			isa = PBXProject;
			attributes = {
				LastSwiftUpdateCheck = 1200;
				LastUpgradeCheck = 1200;
				TargetAttributes = {
					3FC938BC2525C6E2001468B4 = {
						CreatedOnToolsVersion = 12.0;
					};
				};
			};
			buildConfigurationList = 3FC938B82525C6E1001468B4 /* Build configuration list for PBXProject "Tesy" */;
			compatibilityVersion = "Xcode 9.3";
			developmentRegion = en;
			hasScannedForEncodings = 0;
			knownRegions = (
				en,
				Base,
			);
			mainGroup = 3FC938B42525C6E1001468B4;
			productRefGroup = 3FC938BE2525C6E2001468B4 /* Products */;
			projectDirPath = "";
			projectRoot = "";
			targets = (
				3FC938BC2525C6E2001468B4 /* Tesy */,
			);
		};
/* End PBXProject section */

/* Begin PBXSourcesBuildPhase section */
		3FC938B92525C6E2001468B4 /* Sources */ = {
			isa = PBXSourcesBuildPhase;
			buildActionMask = 2147483647;
			files = (
				3FC938D62525C881001468B4 /* TurnbasedGame.swift in Sources */,
				3FC938D42525C881001468B4 /* MultiplayerGame.swift in Sources */,
				3FC938C12525C6E2001468B4 /* main.swift in Sources */,
				3FC938CD2525C86D001468B4 /* Game.swift in Sources */,
				3FC938D82525C881001468B4 /* Player.swift in Sources */,
				3FC938DB2525CDAF001468B4 /* TicTacToePlayer.swift in Sources */,
				3FC938D72525C881001468B4 /* TicTacToe.swift in Sources */,
				3FC938D52525C881001468B4 /* RandomNumberGenerator.swift in Sources */,
			);
			runOnlyForDeploymentPostprocessing = 0;
		};
/* End PBXSourcesBuildPhase section */

/* Begin XCBuildConfiguration section */
		3FC938C22525C6E2001468B4 /* Debug */ = {
			isa = XCBuildConfiguration;
			buildSettings = {
				ALWAYS_SEARCH_USER_PATHS = NO;
				CLANG_ANALYZER_NONNULL = YES;
				CLANG_ANALYZER_NUMBER_OBJECT_CONVERSION = YES_AGGRESSIVE;
				CLANG_CXX_LANGUAGE_STANDARD = "gnu++14";
				CLANG_CXX_LIBRARY = "libc++";
				CLANG_ENABLE_MODULES = YES;
				CLANG_ENABLE_OBJC_ARC = YES;
				CLANG_ENABLE_OBJC_WEAK = YES;
				CLANG_WARN_BLOCK_CAPTURE_AUTORELEASING = YES;
				CLANG_WARN_BOOL_CONVERSION = YES;
				CLANG_WARN_COMMA = YES;
				CLANG_WARN_CONSTANT_CONVERSION = YES;
				CLANG_WARN_DEPRECATED_OBJC_IMPLEMENTATIONS = YES;
				CLANG_WARN_DIRECT_OBJC_ISA_USAGE = YES_ERROR;
				CLANG_WARN_DOCUMENTATION_COMMENTS = YES;
				CLANG_WARN_EMPTY_BODY = YES;
				CLANG_WARN_ENUM_CONVERSION = YES;
				CLANG_WARN_INFINITE_RECURSION = YES;
				CLANG_WARN_INT_CONVERSION = YES;
				CLANG_WARN_NON_LITERAL_NULL_CONVERSION = YES;
				CLANG_WARN_OBJC_IMPLICIT_RETAIN_SELF = YES;
				CLANG_WARN_OBJC_LITERAL_CONVERSION = YES;
				CLANG_WARN_OBJC_ROOT_CLASS = YES_ERROR;
				CLANG_WARN_QUOTED_INCLUDE_IN_FRAMEWORK_HEADER = YES;
				CLANG_WARN_RANGE_LOOP_ANALYSIS = YES;
				CLANG_WARN_STRICT_PROTOTYPES = YES;
				CLANG_WARN_SUSPICIOUS_MOVE = YES;
				CLANG_WARN_UNGUARDED_AVAILABILITY = YES_AGGRESSIVE;
				CLANG_WARN_UNREACHABLE_CODE = YES;
				CLANG_WARN__DUPLICATE_METHOD_MATCH = YES;
				COPY_PHASE_STRIP = NO;
				DEBUG_INFORMATION_FORMAT = dwarf;
				ENABLE_STRICT_OBJC_MSGSEND = YES;
				ENABLE_TESTABILITY = YES;
				GCC_C_LANGUAGE_STANDARD = gnu11;
				GCC_DYNAMIC_NO_PIC = NO;
				GCC_NO_COMMON_BLOCKS = YES;
				GCC_OPTIMIZATION_LEVEL = 0;
				GCC_PREPROCESSOR_DEFINITIONS = (
					"DEBUG=1",
					"$(inherited)",
				);
				GCC_WARN_64_TO_32_BIT_CONVERSION = YES;
				GCC_WARN_ABOUT_RETURN_TYPE = YES_ERROR;
				GCC_WARN_UNDECLARED_SELECTOR = YES;
				GCC_WARN_UNINITIALIZED_AUTOS = YES_AGGRESSIVE;
				GCC_WARN_UNUSED_FUNCTION = YES;
				GCC_WARN_UNUSED_VARIABLE = YES;
				MACOSX_DEPLOYMENT_TARGET = 10.15;
				MTL_ENABLE_DEBUG_INFO = INCLUDE_SOURCE;
				MTL_FAST_MATH = YES;
				ONLY_ACTIVE_ARCH = YES;
				SDKROOT = macosx;
				SWIFT_ACTIVE_COMPILATION_CONDITIONS = DEBUG;
				SWIFT_OPTIMIZATION_LEVEL = "-Onone";
			};
			name = Debug;
		};
		3FC938C32525C6E2001468B4 /* Release */ = {
			isa = XCBuildConfiguration;
			buildSettings = {
				ALWAYS_SEARCH_USER_PATHS = NO;
				CLANG_ANALYZER_NONNULL = YES;
				CLANG_ANALYZER_NUMBER_OBJECT_CONVERSION = YES_AGGRESSIVE;
				CLANG_CXX_LANGUAGE_STANDARD = "gnu++14";
				CLANG_CXX_LIBRARY = "libc++";
				CLANG_ENABLE_MODULES = YES;
				CLANG_ENABLE_OBJC_ARC = YES;
				CLANG_ENABLE_OBJC_WEAK = YES;
				CLANG_WARN_BLOCK_CAPTURE_AUTORELEASING = YES;
				CLANG_WARN_BOOL_CONVERSION = YES;
				CLANG_WARN_COMMA = YES;
				CLANG_WARN_CONSTANT_CONVERSION = YES;
				CLANG_WARN_DEPRECATED_OBJC_IMPLEMENTATIONS = YES;
				CLANG_WARN_DIRECT_OBJC_ISA_USAGE = YES_ERROR;
				CLANG_WARN_DOCUMENTATION_COMMENTS = YES;
				CLANG_WARN_EMPTY_BODY = YES;
				CLANG_WARN_ENUM_CONVERSION = YES;
				CLANG_WARN_INFINITE_RECURSION = YES;
				CLANG_WARN_INT_CONVERSION = YES;
				CLANG_WARN_NON_LITERAL_NULL_CONVERSION = YES;
				CLANG_WARN_OBJC_IMPLICIT_RETAIN_SELF = YES;
				CLANG_WARN_OBJC_LITERAL_CONVERSION = YES;
				CLANG_WARN_OBJC_ROOT_CLASS = YES_ERROR;
				CLANG_WARN_QUOTED_INCLUDE_IN_FRAMEWORK_HEADER = YES;
				CLANG_WARN_RANGE_LOOP_ANALYSIS = YES;
				CLANG_WARN_STRICT_PROTOTYPES = YES;
				CLANG_WARN_SUSPICIOUS_MOVE = YES;
				CLANG_WARN_UNGUARDED_AVAILABILITY = YES_AGGRESSIVE;
				CLANG_WARN_UNREACHABLE_CODE = YES;
				CLANG_WARN__DUPLICATE_METHOD_MATCH = YES;
				COPY_PHASE_STRIP = NO;
				DEBUG_INFORMATION_FORMAT = "dwarf-with-dsym";
				ENABLE_NS_ASSERTIONS = NO;
				ENABLE_STRICT_OBJC_MSGSEND = YES;
				GCC_C_LANGUAGE_STANDARD = gnu11;
				GCC_NO_COMMON_BLOCKS = YES;
				GCC_WARN_64_TO_32_BIT_CONVERSION = YES;
				GCC_WARN_ABOUT_RETURN_TYPE = YES_ERROR;
				GCC_WARN_UNDECLARED_SELECTOR = YES;
				GCC_WARN_UNINITIALIZED_AUTOS = YES_AGGRESSIVE;
				GCC_WARN_UNUSED_FUNCTION = YES;
				GCC_WARN_UNUSED_VARIABLE = YES;
				MACOSX_DEPLOYMENT_TARGET = 10.15;
				MTL_ENABLE_DEBUG_INFO = NO;
				MTL_FAST_MATH = YES;
				SDKROOT = macosx;
				SWIFT_COMPILATION_MODE = wholemodule;
				SWIFT_OPTIMIZATION_LEVEL = "-O";
			};
			name = Release;
		};
		3FC938C52525C6E2001468B4 /* Debug */ = {
			isa = XCBuildConfiguration;
			buildSettings = {
				CODE_SIGN_STYLE = Automatic;
				PRODUCT_NAME = "$(TARGET_NAME)";
				SWIFT_VERSION = 5.0;
			};
			name = Debug;
		};
		3FC938C62525C6E2001468B4 /* Release */ = {
			isa = XCBuildConfiguration;
			buildSettings = {
				CODE_SIGN_STYLE = Automatic;
				PRODUCT_NAME = "$(TARGET_NAME)";
				SWIFT_VERSION = 5.0;
			};
			name = Release;
		};
/* End XCBuildConfiguration section */

/* Begin XCConfigurationList section */
		3FC938B82525C6E1001468B4 /* Build configuration list for PBXProject "Tesy" */ = {
			isa = XCConfigurationList;
			buildConfigurations = (
				3FC938C22525C6E2001468B4 /* Debug */,
				3FC938C32525C6E2001468B4 /* Release */,
			);
			defaultConfigurationIsVisible = 0;
			defaultConfigurationName = Release;
		};
		3FC938C42525C6E2001468B4 /* Build configuration list for PBXNativeTarget "Tesy" */ = {
			isa = XCConfigurationList;
			buildConfigurations = (
				3FC938C52525C6E2001468B4 /* Debug */,
				3FC938C62525C6E2001468B4 /* Release */,
			);
			defaultConfigurationIsVisible = 0;
			defaultConfigurationName = Release;
		};
/* End XCConfigurationList section */
	};
	rootObject = 3FC938B52525C6E1001468B4 /* Project object */;
}
